// !$*UTF8*$!
{
	archiveVersion = 1;
	classes = {
	};
	objectVersion = 56;
	objects = {

/* Begin PBXBuildFile section */
		5447EE1A29BA36DC00D2D05A /* SnapKit in Frameworks */ = {isa = PBXBuildFile; productRef = 5447EE1929BA36DC00D2D05A /* SnapKit */; };
		5447EE1D29BA591800D2D05A /* SDWebImage in Frameworks */ = {isa = PBXBuildFile; productRef = 5447EE1C29BA591800D2D05A /* SDWebImage */; };
		5447EE1F29BA5A7900D2D05A /* CharactersGridCell.swift in Sources */ = {isa = PBXBuildFile; fileRef = 5447EE1E29BA5A7900D2D05A /* CharactersGridCell.swift */; };
		F77E4B7C29B906D400B8B5CE /* AppDelegate.swift in Sources */ = {isa = PBXBuildFile; fileRef = F77E4B7B29B906D400B8B5CE /* AppDelegate.swift */; };
		F77E4B7E29B906D400B8B5CE /* SceneDelegate.swift in Sources */ = {isa = PBXBuildFile; fileRef = F77E4B7D29B906D400B8B5CE /* SceneDelegate.swift */; };
		F77E4B8529B906D600B8B5CE /* Assets.xcassets in Resources */ = {isa = PBXBuildFile; fileRef = F77E4B8429B906D600B8B5CE /* Assets.xcassets */; };
		F77E4B8829B906D600B8B5CE /* LaunchScreen.storyboard in Resources */ = {isa = PBXBuildFile; fileRef = F77E4B8629B906D600B8B5CE /* LaunchScreen.storyboard */; };
		F77E4B9029B908E700B8B5CE /* CharactersGridView.swift in Sources */ = {isa = PBXBuildFile; fileRef = F77E4B8F29B908E700B8B5CE /* CharactersGridView.swift */; };
		F77E4B9229B9090900B8B5CE /* CharactersViewController.swift in Sources */ = {isa = PBXBuildFile; fileRef = F77E4B9129B9090900B8B5CE /* CharactersViewController.swift */; };
		F77E4B9A29B9362300B8B5CE /* Coordinator.swift in Sources */ = {isa = PBXBuildFile; fileRef = F77E4B9929B9362300B8B5CE /* Coordinator.swift */; };
		F77E4B9C29B9364600B8B5CE /* MainCoordinator.swift in Sources */ = {isa = PBXBuildFile; fileRef = F77E4B9B29B9364600B8B5CE /* MainCoordinator.swift */; };
		F77E4B9F29B94B9300B8B5CE /* Apollo in Frameworks */ = {isa = PBXBuildFile; productRef = F77E4B9E29B94B9300B8B5CE /* Apollo */; };
		F77E4BA729B94F9400B8B5CE /* queries.graphql in Resources */ = {isa = PBXBuildFile; fileRef = F77E4BA529B94F9400B8B5CE /* queries.graphql */; };
		F77E4BA829B94F9400B8B5CE /* rick-and-morty-a3b90u@current.graphqls in Resources */ = {isa = PBXBuildFile; fileRef = F77E4BA629B94F9400B8B5CE /* rick-and-morty-a3b90u@current.graphqls */; };
		F77E4BAA29B9B1C900B8B5CE /* apollo-codegen-config.json in Resources */ = {isa = PBXBuildFile; fileRef = F77E4BA929B9B1C900B8B5CE /* apollo-codegen-config.json */; };
		F77E4BC629B9B27900B8B5CE /* CharacterBasics.graphql.swift in Sources */ = {isa = PBXBuildFile; fileRef = F77E4BAD29B9B27900B8B5CE /* CharacterBasics.graphql.swift */; };
		F77E4BC729B9B27900B8B5CE /* PageInfo.graphql.swift in Sources */ = {isa = PBXBuildFile; fileRef = F77E4BAE29B9B27900B8B5CE /* PageInfo.graphql.swift */; };
		F77E4BC829B9B27900B8B5CE /* EpisodeBasics.graphql.swift in Sources */ = {isa = PBXBuildFile; fileRef = F77E4BAF29B9B27900B8B5CE /* EpisodeBasics.graphql.swift */; };
		F77E4BC929B9B27900B8B5CE /* LocationBasics.graphql.swift in Sources */ = {isa = PBXBuildFile; fileRef = F77E4BB029B9B27900B8B5CE /* LocationBasics.graphql.swift */; };
		F77E4BCA29B9B27900B8B5CE /* GetCharactersQuery.graphql.swift in Sources */ = {isa = PBXBuildFile; fileRef = F77E4BB329B9B27900B8B5CE /* GetCharactersQuery.graphql.swift */; };
		F77E4BCB29B9B27900B8B5CE /* GetEpisodeQuery.graphql.swift in Sources */ = {isa = PBXBuildFile; fileRef = F77E4BB429B9B27900B8B5CE /* GetEpisodeQuery.graphql.swift */; };
		F77E4BCC29B9B27900B8B5CE /* GetEpisodesQuery.graphql.swift in Sources */ = {isa = PBXBuildFile; fileRef = F77E4BB529B9B27900B8B5CE /* GetEpisodesQuery.graphql.swift */; };
		F77E4BCD29B9B27900B8B5CE /* GetLocationsQuery.graphql.swift in Sources */ = {isa = PBXBuildFile; fileRef = F77E4BB629B9B27900B8B5CE /* GetLocationsQuery.graphql.swift */; };
		F77E4BCE29B9B27900B8B5CE /* GetLocationQuery.graphql.swift in Sources */ = {isa = PBXBuildFile; fileRef = F77E4BB729B9B27900B8B5CE /* GetLocationQuery.graphql.swift */; };
		F77E4BCF29B9B27900B8B5CE /* GetCharacterQuery.graphql.swift in Sources */ = {isa = PBXBuildFile; fileRef = F77E4BB829B9B27900B8B5CE /* GetCharacterQuery.graphql.swift */; };
		F77E4BD029B9B27900B8B5CE /* Characters.graphql.swift in Sources */ = {isa = PBXBuildFile; fileRef = F77E4BBB29B9B27900B8B5CE /* Characters.graphql.swift */; };
		F77E4BD129B9B27900B8B5CE /* Character.graphql.swift in Sources */ = {isa = PBXBuildFile; fileRef = F77E4BBC29B9B27900B8B5CE /* Character.graphql.swift */; };
		F77E4BD229B9B27900B8B5CE /* Info.graphql.swift in Sources */ = {isa = PBXBuildFile; fileRef = F77E4BBD29B9B27900B8B5CE /* Info.graphql.swift */; };
		F77E4BD329B9B27900B8B5CE /* Location.graphql.swift in Sources */ = {isa = PBXBuildFile; fileRef = F77E4BBE29B9B27900B8B5CE /* Location.graphql.swift */; };
		F77E4BD429B9B27900B8B5CE /* Query.graphql.swift in Sources */ = {isa = PBXBuildFile; fileRef = F77E4BBF29B9B27900B8B5CE /* Query.graphql.swift */; };
		F77E4BD529B9B27900B8B5CE /* Episode.graphql.swift in Sources */ = {isa = PBXBuildFile; fileRef = F77E4BC029B9B27900B8B5CE /* Episode.graphql.swift */; };
		F77E4BD629B9B27900B8B5CE /* Episodes.graphql.swift in Sources */ = {isa = PBXBuildFile; fileRef = F77E4BC129B9B27900B8B5CE /* Episodes.graphql.swift */; };
		F77E4BD729B9B27900B8B5CE /* Locations.graphql.swift in Sources */ = {isa = PBXBuildFile; fileRef = F77E4BC229B9B27900B8B5CE /* Locations.graphql.swift */; };
		F77E4BD829B9B27900B8B5CE /* SchemaConfiguration.swift in Sources */ = {isa = PBXBuildFile; fileRef = F77E4BC329B9B27900B8B5CE /* SchemaConfiguration.swift */; };
		F77E4BD929B9B27900B8B5CE /* SchemaMetadata.graphql.swift in Sources */ = {isa = PBXBuildFile; fileRef = F77E4BC429B9B27900B8B5CE /* SchemaMetadata.graphql.swift */; };
		F77E4BDA29B9B27900B8B5CE /* RickAndMortyAPI.graphql.swift in Sources */ = {isa = PBXBuildFile; fileRef = F77E4BC529B9B27900B8B5CE /* RickAndMortyAPI.graphql.swift */; };
		F77E4BF329BA3BE100B8B5CE /* Quick in Frameworks */ = {isa = PBXBuildFile; productRef = F77E4BF229BA3BE100B8B5CE /* Quick */; };
		F77E4BF629BA3BF200B8B5CE /* Nimble in Frameworks */ = {isa = PBXBuildFile; productRef = F77E4BF529BA3BF200B8B5CE /* Nimble */; };
		F77E4BF829BA3C3300B8B5CE /* CharactersSpec.swift in Sources */ = {isa = PBXBuildFile; fileRef = F77E4BF729BA3C3300B8B5CE /* CharactersSpec.swift */; };
/* End PBXBuildFile section */

/* Begin PBXContainerItemProxy section */
		F77E4BEC29BA3BA000B8B5CE /* PBXContainerItemProxy */ = {
			isa = PBXContainerItemProxy;
			containerPortal = F77E4B7029B906D400B8B5CE /* Project object */;
			proxyType = 1;
			remoteGlobalIDString = F77E4B7729B906D400B8B5CE;
			remoteInfo = "RickAndMorty-iOS";
		};
/* End PBXContainerItemProxy section */

/* Begin PBXFileReference section */
		5447EE1E29BA5A7900D2D05A /* CharactersGridCell.swift */ = {isa = PBXFileReference; lastKnownFileType = sourcecode.swift; path = CharactersGridCell.swift; sourceTree = "<group>"; };
		F77E4B7829B906D400B8B5CE /* RickAndMorty-iOS.app */ = {isa = PBXFileReference; explicitFileType = wrapper.application; includeInIndex = 0; path = "RickAndMorty-iOS.app"; sourceTree = BUILT_PRODUCTS_DIR; };
		F77E4B7B29B906D400B8B5CE /* AppDelegate.swift */ = {isa = PBXFileReference; lastKnownFileType = sourcecode.swift; path = AppDelegate.swift; sourceTree = "<group>"; };
		F77E4B7D29B906D400B8B5CE /* SceneDelegate.swift */ = {isa = PBXFileReference; lastKnownFileType = sourcecode.swift; path = SceneDelegate.swift; sourceTree = "<group>"; };
		F77E4B8429B906D600B8B5CE /* Assets.xcassets */ = {isa = PBXFileReference; lastKnownFileType = folder.assetcatalog; path = Assets.xcassets; sourceTree = "<group>"; };
		F77E4B8729B906D600B8B5CE /* Base */ = {isa = PBXFileReference; lastKnownFileType = file.storyboard; name = Base; path = Base.lproj/LaunchScreen.storyboard; sourceTree = "<group>"; };
		F77E4B8929B906D600B8B5CE /* Info.plist */ = {isa = PBXFileReference; lastKnownFileType = text.plist.xml; path = Info.plist; sourceTree = "<group>"; };
		F77E4B8F29B908E700B8B5CE /* CharactersGridView.swift */ = {isa = PBXFileReference; lastKnownFileType = sourcecode.swift; path = CharactersGridView.swift; sourceTree = "<group>"; };
		F77E4B9129B9090900B8B5CE /* CharactersViewController.swift */ = {isa = PBXFileReference; lastKnownFileType = sourcecode.swift; path = CharactersViewController.swift; sourceTree = "<group>"; };
		F77E4B9929B9362300B8B5CE /* Coordinator.swift */ = {isa = PBXFileReference; lastKnownFileType = sourcecode.swift; path = Coordinator.swift; sourceTree = "<group>"; };
		F77E4B9B29B9364600B8B5CE /* MainCoordinator.swift */ = {isa = PBXFileReference; lastKnownFileType = sourcecode.swift; path = MainCoordinator.swift; sourceTree = "<group>"; };
		F77E4BA529B94F9400B8B5CE /* queries.graphql */ = {isa = PBXFileReference; fileEncoding = 4; lastKnownFileType = text; path = queries.graphql; sourceTree = "<group>"; };
		F77E4BA629B94F9400B8B5CE /* rick-and-morty-a3b90u@current.graphqls */ = {isa = PBXFileReference; fileEncoding = 4; lastKnownFileType = text; path = "rick-and-morty-a3b90u@current.graphqls"; sourceTree = "<group>"; };
		F77E4BA929B9B1C900B8B5CE /* apollo-codegen-config.json */ = {isa = PBXFileReference; fileEncoding = 4; lastKnownFileType = text.json; path = "apollo-codegen-config.json"; sourceTree = SOURCE_ROOT; };
		F77E4BAD29B9B27900B8B5CE /* CharacterBasics.graphql.swift */ = {isa = PBXFileReference; fileEncoding = 4; lastKnownFileType = sourcecode.swift; path = CharacterBasics.graphql.swift; sourceTree = "<group>"; };
		F77E4BAE29B9B27900B8B5CE /* PageInfo.graphql.swift */ = {isa = PBXFileReference; fileEncoding = 4; lastKnownFileType = sourcecode.swift; path = PageInfo.graphql.swift; sourceTree = "<group>"; };
		F77E4BAF29B9B27900B8B5CE /* EpisodeBasics.graphql.swift */ = {isa = PBXFileReference; fileEncoding = 4; lastKnownFileType = sourcecode.swift; path = EpisodeBasics.graphql.swift; sourceTree = "<group>"; };
		F77E4BB029B9B27900B8B5CE /* LocationBasics.graphql.swift */ = {isa = PBXFileReference; fileEncoding = 4; lastKnownFileType = sourcecode.swift; path = LocationBasics.graphql.swift; sourceTree = "<group>"; };
		F77E4BB329B9B27900B8B5CE /* GetCharactersQuery.graphql.swift */ = {isa = PBXFileReference; fileEncoding = 4; lastKnownFileType = sourcecode.swift; path = GetCharactersQuery.graphql.swift; sourceTree = "<group>"; };
		F77E4BB429B9B27900B8B5CE /* GetEpisodeQuery.graphql.swift */ = {isa = PBXFileReference; fileEncoding = 4; lastKnownFileType = sourcecode.swift; path = GetEpisodeQuery.graphql.swift; sourceTree = "<group>"; };
		F77E4BB529B9B27900B8B5CE /* GetEpisodesQuery.graphql.swift */ = {isa = PBXFileReference; fileEncoding = 4; lastKnownFileType = sourcecode.swift; path = GetEpisodesQuery.graphql.swift; sourceTree = "<group>"; };
		F77E4BB629B9B27900B8B5CE /* GetLocationsQuery.graphql.swift */ = {isa = PBXFileReference; fileEncoding = 4; lastKnownFileType = sourcecode.swift; path = GetLocationsQuery.graphql.swift; sourceTree = "<group>"; };
		F77E4BB729B9B27900B8B5CE /* GetLocationQuery.graphql.swift */ = {isa = PBXFileReference; fileEncoding = 4; lastKnownFileType = sourcecode.swift; path = GetLocationQuery.graphql.swift; sourceTree = "<group>"; };
		F77E4BB829B9B27900B8B5CE /* GetCharacterQuery.graphql.swift */ = {isa = PBXFileReference; fileEncoding = 4; lastKnownFileType = sourcecode.swift; path = GetCharacterQuery.graphql.swift; sourceTree = "<group>"; };
		F77E4BBB29B9B27900B8B5CE /* Characters.graphql.swift */ = {isa = PBXFileReference; fileEncoding = 4; lastKnownFileType = sourcecode.swift; path = Characters.graphql.swift; sourceTree = "<group>"; };
		F77E4BBC29B9B27900B8B5CE /* Character.graphql.swift */ = {isa = PBXFileReference; fileEncoding = 4; lastKnownFileType = sourcecode.swift; path = Character.graphql.swift; sourceTree = "<group>"; };
		F77E4BBD29B9B27900B8B5CE /* Info.graphql.swift */ = {isa = PBXFileReference; fileEncoding = 4; lastKnownFileType = sourcecode.swift; path = Info.graphql.swift; sourceTree = "<group>"; };
		F77E4BBE29B9B27900B8B5CE /* Location.graphql.swift */ = {isa = PBXFileReference; fileEncoding = 4; lastKnownFileType = sourcecode.swift; path = Location.graphql.swift; sourceTree = "<group>"; };
		F77E4BBF29B9B27900B8B5CE /* Query.graphql.swift */ = {isa = PBXFileReference; fileEncoding = 4; lastKnownFileType = sourcecode.swift; path = Query.graphql.swift; sourceTree = "<group>"; };
		F77E4BC029B9B27900B8B5CE /* Episode.graphql.swift */ = {isa = PBXFileReference; fileEncoding = 4; lastKnownFileType = sourcecode.swift; path = Episode.graphql.swift; sourceTree = "<group>"; };
		F77E4BC129B9B27900B8B5CE /* Episodes.graphql.swift */ = {isa = PBXFileReference; fileEncoding = 4; lastKnownFileType = sourcecode.swift; path = Episodes.graphql.swift; sourceTree = "<group>"; };
		F77E4BC229B9B27900B8B5CE /* Locations.graphql.swift */ = {isa = PBXFileReference; fileEncoding = 4; lastKnownFileType = sourcecode.swift; path = Locations.graphql.swift; sourceTree = "<group>"; };
		F77E4BC329B9B27900B8B5CE /* SchemaConfiguration.swift */ = {isa = PBXFileReference; fileEncoding = 4; lastKnownFileType = sourcecode.swift; path = SchemaConfiguration.swift; sourceTree = "<group>"; };
		F77E4BC429B9B27900B8B5CE /* SchemaMetadata.graphql.swift */ = {isa = PBXFileReference; fileEncoding = 4; lastKnownFileType = sourcecode.swift; path = SchemaMetadata.graphql.swift; sourceTree = "<group>"; };
		F77E4BC529B9B27900B8B5CE /* RickAndMortyAPI.graphql.swift */ = {isa = PBXFileReference; fileEncoding = 4; lastKnownFileType = sourcecode.swift; path = RickAndMortyAPI.graphql.swift; sourceTree = "<group>"; };
		F77E4BE829BA3BA000B8B5CE /* RickAndMorty-iOSTests.xctest */ = {isa = PBXFileReference; explicitFileType = wrapper.cfbundle; includeInIndex = 0; path = "RickAndMorty-iOSTests.xctest"; sourceTree = BUILT_PRODUCTS_DIR; };
		F77E4BF729BA3C3300B8B5CE /* CharactersSpec.swift */ = {isa = PBXFileReference; lastKnownFileType = sourcecode.swift; path = CharactersSpec.swift; sourceTree = "<group>"; };
/* End PBXFileReference section */

/* Begin PBXFrameworksBuildPhase section */
		F77E4B7529B906D400B8B5CE /* Frameworks */ = {
			isa = PBXFrameworksBuildPhase;
			buildActionMask = 2147483647;
			files = (
				5447EE1D29BA591800D2D05A /* SDWebImage in Frameworks */,
				F77E4B9F29B94B9300B8B5CE /* Apollo in Frameworks */,
				5447EE1A29BA36DC00D2D05A /* SnapKit in Frameworks */,
			);
			runOnlyForDeploymentPostprocessing = 0;
		};
		F77E4BE529BA3BA000B8B5CE /* Frameworks */ = {
			isa = PBXFrameworksBuildPhase;
			buildActionMask = 2147483647;
			files = (
				F77E4BF329BA3BE100B8B5CE /* Quick in Frameworks */,
				F77E4BF629BA3BF200B8B5CE /* Nimble in Frameworks */,
			);
			runOnlyForDeploymentPostprocessing = 0;
		};
/* End PBXFrameworksBuildPhase section */

/* Begin PBXGroup section */
		F77E4B6F29B906D400B8B5CE = {
			isa = PBXGroup;
			children = (
				F77E4B7A29B906D400B8B5CE /* RickAndMorty-iOS */,
				F77E4BE929BA3BA000B8B5CE /* Tests */,
				F77E4B7929B906D400B8B5CE /* Products */,
			);
			sourceTree = "<group>";
		};
		F77E4B7929B906D400B8B5CE /* Products */ = {
			isa = PBXGroup;
			children = (
				F77E4B7829B906D400B8B5CE /* RickAndMorty-iOS.app */,
				F77E4BE829BA3BA000B8B5CE /* RickAndMorty-iOSTests.xctest */,
			);
			name = Products;
			sourceTree = "<group>";
		};
		F77E4B7A29B906D400B8B5CE /* RickAndMorty-iOS */ = {
			isa = PBXGroup;
			children = (
				F77E4B9729B9355800B8B5CE /* Delegates */,
				F77E4B9829B935EC00B8B5CE /* Coordinators */,
				F77E4B9429B934C300B8B5CE /* Views */,
				F77E4BAB29B9B27900B8B5CE /* RickAndMortyAPI */,
				F77E4BA029B94D5900B8B5CE /* GraphQL */,
				F77E4B8429B906D600B8B5CE /* Assets.xcassets */,
				F77E4B8629B906D600B8B5CE /* LaunchScreen.storyboard */,
				F77E4B8929B906D600B8B5CE /* Info.plist */,
			);
			path = "RickAndMorty-iOS";
			sourceTree = "<group>";
		};
		F77E4B9429B934C300B8B5CE /* Views */ = {
			isa = PBXGroup;
			children = (
				F77E4B9529B934D200B8B5CE /* Characters */,
			);
			path = Views;
			sourceTree = "<group>";
		};
		F77E4B9529B934D200B8B5CE /* Characters */ = {
			isa = PBXGroup;
			children = (
				F77E4B9129B9090900B8B5CE /* CharactersViewController.swift */,
				F77E4B8F29B908E700B8B5CE /* CharactersGridView.swift */,
				5447EE1E29BA5A7900D2D05A /* CharactersGridCell.swift */,
			);
			path = Characters;
			sourceTree = "<group>";
		};
		F77E4B9729B9355800B8B5CE /* Delegates */ = {
			isa = PBXGroup;
			children = (
				F77E4B7B29B906D400B8B5CE /* AppDelegate.swift */,
				F77E4B7D29B906D400B8B5CE /* SceneDelegate.swift */,
			);
			path = Delegates;
			sourceTree = "<group>";
		};
		F77E4B9829B935EC00B8B5CE /* Coordinators */ = {
			isa = PBXGroup;
			children = (
				F77E4B9929B9362300B8B5CE /* Coordinator.swift */,
				F77E4B9B29B9364600B8B5CE /* MainCoordinator.swift */,
			);
			path = Coordinators;
			sourceTree = "<group>";
		};
		F77E4BA029B94D5900B8B5CE /* GraphQL */ = {
			isa = PBXGroup;
			children = (
				F77E4BA529B94F9400B8B5CE /* queries.graphql */,
				F77E4BA629B94F9400B8B5CE /* rick-and-morty-a3b90u@current.graphqls */,
				F77E4BA929B9B1C900B8B5CE /* apollo-codegen-config.json */,
			);
			path = GraphQL;
			sourceTree = "<group>";
		};
		F77E4BAB29B9B27900B8B5CE /* RickAndMortyAPI */ = {
			isa = PBXGroup;
			children = (
				F77E4BAC29B9B27900B8B5CE /* Fragments */,
				F77E4BB129B9B27900B8B5CE /* Operations */,
				F77E4BB929B9B27900B8B5CE /* Schema */,
				F77E4BC529B9B27900B8B5CE /* RickAndMortyAPI.graphql.swift */,
			);
			path = RickAndMortyAPI;
			sourceTree = SOURCE_ROOT;
		};
		F77E4BAC29B9B27900B8B5CE /* Fragments */ = {
			isa = PBXGroup;
			children = (
				F77E4BAD29B9B27900B8B5CE /* CharacterBasics.graphql.swift */,
				F77E4BAE29B9B27900B8B5CE /* PageInfo.graphql.swift */,
				F77E4BAF29B9B27900B8B5CE /* EpisodeBasics.graphql.swift */,
				F77E4BB029B9B27900B8B5CE /* LocationBasics.graphql.swift */,
			);
			path = Fragments;
			sourceTree = "<group>";
		};
		F77E4BB129B9B27900B8B5CE /* Operations */ = {
			isa = PBXGroup;
			children = (
				F77E4BB229B9B27900B8B5CE /* Queries */,
			);
			path = Operations;
			sourceTree = "<group>";
		};
		F77E4BB229B9B27900B8B5CE /* Queries */ = {
			isa = PBXGroup;
			children = (
				F77E4BB329B9B27900B8B5CE /* GetCharactersQuery.graphql.swift */,
				F77E4BB429B9B27900B8B5CE /* GetEpisodeQuery.graphql.swift */,
				F77E4BB529B9B27900B8B5CE /* GetEpisodesQuery.graphql.swift */,
				F77E4BB629B9B27900B8B5CE /* GetLocationsQuery.graphql.swift */,
				F77E4BB729B9B27900B8B5CE /* GetLocationQuery.graphql.swift */,
				F77E4BB829B9B27900B8B5CE /* GetCharacterQuery.graphql.swift */,
			);
			path = Queries;
			sourceTree = "<group>";
		};
		F77E4BB929B9B27900B8B5CE /* Schema */ = {
			isa = PBXGroup;
			children = (
				F77E4BBA29B9B27900B8B5CE /* Objects */,
				F77E4BC329B9B27900B8B5CE /* SchemaConfiguration.swift */,
				F77E4BC429B9B27900B8B5CE /* SchemaMetadata.graphql.swift */,
			);
			path = Schema;
			sourceTree = "<group>";
		};
		F77E4BBA29B9B27900B8B5CE /* Objects */ = {
			isa = PBXGroup;
			children = (
				F77E4BBB29B9B27900B8B5CE /* Characters.graphql.swift */,
				F77E4BBC29B9B27900B8B5CE /* Character.graphql.swift */,
				F77E4BBD29B9B27900B8B5CE /* Info.graphql.swift */,
				F77E4BBE29B9B27900B8B5CE /* Location.graphql.swift */,
				F77E4BBF29B9B27900B8B5CE /* Query.graphql.swift */,
				F77E4BC029B9B27900B8B5CE /* Episode.graphql.swift */,
				F77E4BC129B9B27900B8B5CE /* Episodes.graphql.swift */,
				F77E4BC229B9B27900B8B5CE /* Locations.graphql.swift */,
			);
			path = Objects;
			sourceTree = "<group>";
		};
		F77E4BE929BA3BA000B8B5CE /* Tests */ = {
			isa = PBXGroup;
			children = (
				F77E4BF729BA3C3300B8B5CE /* CharactersSpec.swift */,
			);
			path = Tests;
			sourceTree = "<group>";
		};
/* End PBXGroup section */

/* Begin PBXNativeTarget section */
		F77E4B7729B906D400B8B5CE /* RickAndMorty-iOS */ = {
			isa = PBXNativeTarget;
			buildConfigurationList = F77E4B8C29B906D600B8B5CE /* Build configuration list for PBXNativeTarget "RickAndMorty-iOS" */;
			buildPhases = (
				F77E4B7429B906D400B8B5CE /* Sources */,
				F77E4B7529B906D400B8B5CE /* Frameworks */,
				F77E4B7629B906D400B8B5CE /* Resources */,
				F77E4B9329B90CB200B8B5CE /* SwiftLint Script */,
			);
			buildRules = (
			);
			dependencies = (
			);
			name = "RickAndMorty-iOS";
			packageProductDependencies = (
				F77E4B9E29B94B9300B8B5CE /* Apollo */,
				5447EE1929BA36DC00D2D05A /* SnapKit */,
				5447EE1C29BA591800D2D05A /* SDWebImage */,
			);
			productName = "RickAndMorty-iOS";
			productReference = F77E4B7829B906D400B8B5CE /* RickAndMorty-iOS.app */;
			productType = "com.apple.product-type.application";
		};
		F77E4BE729BA3BA000B8B5CE /* RickAndMorty-iOSTests */ = {
			isa = PBXNativeTarget;
			buildConfigurationList = F77E4BEE29BA3BA000B8B5CE /* Build configuration list for PBXNativeTarget "RickAndMorty-iOSTests" */;
			buildPhases = (
				F77E4BE429BA3BA000B8B5CE /* Sources */,
				F77E4BE529BA3BA000B8B5CE /* Frameworks */,
				F77E4BE629BA3BA000B8B5CE /* Resources */,
			);
			buildRules = (
			);
			dependencies = (
				F77E4BED29BA3BA000B8B5CE /* PBXTargetDependency */,
			);
			name = "RickAndMorty-iOSTests";
			packageProductDependencies = (
				F77E4BF229BA3BE100B8B5CE /* Quick */,
				F77E4BF529BA3BF200B8B5CE /* Nimble */,
			);
			productName = "RickAndMorty-iOSTests";
			productReference = F77E4BE829BA3BA000B8B5CE /* RickAndMorty-iOSTests.xctest */;
			productType = "com.apple.product-type.bundle.unit-test";
		};
/* End PBXNativeTarget section */

/* Begin PBXProject section */
		F77E4B7029B906D400B8B5CE /* Project object */ = {
			isa = PBXProject;
			attributes = {
				BuildIndependentTargetsInParallel = 1;
				LastSwiftUpdateCheck = 1420;
				LastUpgradeCheck = 1420;
				TargetAttributes = {
					F77E4B7729B906D400B8B5CE = {
						CreatedOnToolsVersion = 14.2;
					};
					F77E4BE729BA3BA000B8B5CE = {
						CreatedOnToolsVersion = 14.2;
						TestTargetID = F77E4B7729B906D400B8B5CE;
					};
				};
			};
			buildConfigurationList = F77E4B7329B906D400B8B5CE /* Build configuration list for PBXProject "RickAndMorty-iOS" */;
			compatibilityVersion = "Xcode 14.0";
			developmentRegion = en;
			hasScannedForEncodings = 0;
			knownRegions = (
				en,
				Base,
			);
			mainGroup = F77E4B6F29B906D400B8B5CE;
			packageReferences = (
				F77E4B9D29B94B9300B8B5CE /* XCRemoteSwiftPackageReference "apollo-ios" */,
				5447EE1829BA36DC00D2D05A /* XCRemoteSwiftPackageReference "SnapKit" */,
				5447EE1B29BA591800D2D05A /* XCRemoteSwiftPackageReference "SDWebImage" */,
				F77E4BF129BA3BE100B8B5CE /* XCRemoteSwiftPackageReference "Quick" */,
				F77E4BF429BA3BF200B8B5CE /* XCRemoteSwiftPackageReference "Nimble" */,
			);
			productRefGroup = F77E4B7929B906D400B8B5CE /* Products */;
			projectDirPath = "";
			projectRoot = "";
			targets = (
				F77E4B7729B906D400B8B5CE /* RickAndMorty-iOS */,
				F77E4BE729BA3BA000B8B5CE /* RickAndMorty-iOSTests */,
			);
		};
/* End PBXProject section */

/* Begin PBXResourcesBuildPhase section */
		F77E4B7629B906D400B8B5CE /* Resources */ = {
			isa = PBXResourcesBuildPhase;
			buildActionMask = 2147483647;
			files = (
				F77E4B8829B906D600B8B5CE /* LaunchScreen.storyboard in Resources */,
				F77E4BA729B94F9400B8B5CE /* queries.graphql in Resources */,
				F77E4B8529B906D600B8B5CE /* Assets.xcassets in Resources */,
				F77E4BAA29B9B1C900B8B5CE /* apollo-codegen-config.json in Resources */,
				F77E4BA829B94F9400B8B5CE /* rick-and-morty-a3b90u@current.graphqls in Resources */,
			);
			runOnlyForDeploymentPostprocessing = 0;
		};
		F77E4BE629BA3BA000B8B5CE /* Resources */ = {
			isa = PBXResourcesBuildPhase;
			buildActionMask = 2147483647;
			files = (
			);
			runOnlyForDeploymentPostprocessing = 0;
		};
/* End PBXResourcesBuildPhase section */

/* Begin PBXShellScriptBuildPhase section */
		F77E4B9329B90CB200B8B5CE /* SwiftLint Script */ = {
			isa = PBXShellScriptBuildPhase;
			alwaysOutOfDate = 1;
			buildActionMask = 2147483647;
			files = (
			);
			inputFileListPaths = (
			);
			inputPaths = (
			);
			name = "SwiftLint Script";
			outputFileListPaths = (
			);
			outputPaths = (
			);
			runOnlyForDeploymentPostprocessing = 0;
			shellPath = /bin/sh;
			shellScript = "export PATH=\"$PATH:/opt/homebrew/bin\"\nif which swiftlint > /dev/null; then\n  swiftlint\nelse\n  echo \"warning: SwiftLint not installed, download from https://github.com/realm/SwiftLint\"\nfi\n";
		};
/* End PBXShellScriptBuildPhase section */

/* Begin PBXSourcesBuildPhase section */
		F77E4B7429B906D400B8B5CE /* Sources */ = {
			isa = PBXSourcesBuildPhase;
			buildActionMask = 2147483647;
			files = (
				F77E4B9029B908E700B8B5CE /* CharactersGridView.swift in Sources */,
				F77E4BC629B9B27900B8B5CE /* CharacterBasics.graphql.swift in Sources */,
				F77E4BD629B9B27900B8B5CE /* Episodes.graphql.swift in Sources */,
				F77E4BDA29B9B27900B8B5CE /* RickAndMortyAPI.graphql.swift in Sources */,
				F77E4B9C29B9364600B8B5CE /* MainCoordinator.swift in Sources */,
				F77E4B7C29B906D400B8B5CE /* AppDelegate.swift in Sources */,
				F77E4BCB29B9B27900B8B5CE /* GetEpisodeQuery.graphql.swift in Sources */,
				F77E4B9A29B9362300B8B5CE /* Coordinator.swift in Sources */,
				F77E4BD529B9B27900B8B5CE /* Episode.graphql.swift in Sources */,
				F77E4B9229B9090900B8B5CE /* CharactersViewController.swift in Sources */,
				F77E4BD329B9B27900B8B5CE /* Location.graphql.swift in Sources */,
				F77E4BD829B9B27900B8B5CE /* SchemaConfiguration.swift in Sources */,
				F77E4BCD29B9B27900B8B5CE /* GetLocationsQuery.graphql.swift in Sources */,
				F77E4BD729B9B27900B8B5CE /* Locations.graphql.swift in Sources */,
				F77E4BD129B9B27900B8B5CE /* Character.graphql.swift in Sources */,
				F77E4BCA29B9B27900B8B5CE /* GetCharactersQuery.graphql.swift in Sources */,
				F77E4BCC29B9B27900B8B5CE /* GetEpisodesQuery.graphql.swift in Sources */,
				5447EE1F29BA5A7900D2D05A /* CharactersGridCell.swift in Sources */,
				F77E4BCF29B9B27900B8B5CE /* GetCharacterQuery.graphql.swift in Sources */,
				F77E4BD429B9B27900B8B5CE /* Query.graphql.swift in Sources */,
				F77E4B7E29B906D400B8B5CE /* SceneDelegate.swift in Sources */,
				F77E4BC829B9B27900B8B5CE /* EpisodeBasics.graphql.swift in Sources */,
				F77E4BD929B9B27900B8B5CE /* SchemaMetadata.graphql.swift in Sources */,
				F77E4BCE29B9B27900B8B5CE /* GetLocationQuery.graphql.swift in Sources */,
				F77E4BC929B9B27900B8B5CE /* LocationBasics.graphql.swift in Sources */,
				F77E4BC729B9B27900B8B5CE /* PageInfo.graphql.swift in Sources */,
				F77E4BD229B9B27900B8B5CE /* Info.graphql.swift in Sources */,
				F77E4BD029B9B27900B8B5CE /* Characters.graphql.swift in Sources */,
			);
			runOnlyForDeploymentPostprocessing = 0;
		};
		F77E4BE429BA3BA000B8B5CE /* Sources */ = {
			isa = PBXSourcesBuildPhase;
			buildActionMask = 2147483647;
			files = (
				F77E4BF829BA3C3300B8B5CE /* CharactersSpec.swift in Sources */,
			);
			runOnlyForDeploymentPostprocessing = 0;
		};
/* End PBXSourcesBuildPhase section */

/* Begin PBXTargetDependency section */
		F77E4BED29BA3BA000B8B5CE /* PBXTargetDependency */ = {
			isa = PBXTargetDependency;
			target = F77E4B7729B906D400B8B5CE /* RickAndMorty-iOS */;
			targetProxy = F77E4BEC29BA3BA000B8B5CE /* PBXContainerItemProxy */;
		};
/* End PBXTargetDependency section */

/* Begin PBXVariantGroup section */
		F77E4B8629B906D600B8B5CE /* LaunchScreen.storyboard */ = {
			isa = PBXVariantGroup;
			children = (
				F77E4B8729B906D600B8B5CE /* Base */,
			);
			name = LaunchScreen.storyboard;
			sourceTree = "<group>";
		};
/* End PBXVariantGroup section */

/* Begin XCBuildConfiguration section */
		F77E4B8A29B906D600B8B5CE /* Debug */ = {
			isa = XCBuildConfiguration;
			buildSettings = {
				ALWAYS_SEARCH_USER_PATHS = NO;
				CLANG_ANALYZER_NONNULL = YES;
				CLANG_ANALYZER_NUMBER_OBJECT_CONVERSION = YES_AGGRESSIVE;
				CLANG_CXX_LANGUAGE_STANDARD = "gnu++20";
				CLANG_ENABLE_MODULES = YES;
				CLANG_ENABLE_OBJC_ARC = YES;
				CLANG_ENABLE_OBJC_WEAK = YES;
				CLANG_WARN_BLOCK_CAPTURE_AUTORELEASING = YES;
				CLANG_WARN_BOOL_CONVERSION = YES;
				CLANG_WARN_COMMA = YES;
				CLANG_WARN_CONSTANT_CONVERSION = YES;
				CLANG_WARN_DEPRECATED_OBJC_IMPLEMENTATIONS = YES;
				CLANG_WARN_DIRECT_OBJC_ISA_USAGE = YES_ERROR;
				CLANG_WARN_DOCUMENTATION_COMMENTS = YES;
				CLANG_WARN_EMPTY_BODY = YES;
				CLANG_WARN_ENUM_CONVERSION = YES;
				CLANG_WARN_INFINITE_RECURSION = YES;
				CLANG_WARN_INT_CONVERSION = YES;
				CLANG_WARN_NON_LITERAL_NULL_CONVERSION = YES;
				CLANG_WARN_OBJC_IMPLICIT_RETAIN_SELF = YES;
				CLANG_WARN_OBJC_LITERAL_CONVERSION = YES;
				CLANG_WARN_OBJC_ROOT_CLASS = YES_ERROR;
				CLANG_WARN_QUOTED_INCLUDE_IN_FRAMEWORK_HEADER = YES;
				CLANG_WARN_RANGE_LOOP_ANALYSIS = YES;
				CLANG_WARN_STRICT_PROTOTYPES = YES;
				CLANG_WARN_SUSPICIOUS_MOVE = YES;
				CLANG_WARN_UNGUARDED_AVAILABILITY = YES_AGGRESSIVE;
				CLANG_WARN_UNREACHABLE_CODE = YES;
				CLANG_WARN__DUPLICATE_METHOD_MATCH = YES;
				COPY_PHASE_STRIP = NO;
				DEBUG_INFORMATION_FORMAT = dwarf;
				ENABLE_STRICT_OBJC_MSGSEND = YES;
				ENABLE_TESTABILITY = YES;
				GCC_C_LANGUAGE_STANDARD = gnu11;
				GCC_DYNAMIC_NO_PIC = NO;
				GCC_NO_COMMON_BLOCKS = YES;
				GCC_OPTIMIZATION_LEVEL = 0;
				GCC_PREPROCESSOR_DEFINITIONS = (
					"DEBUG=1",
					"$(inherited)",
				);
				GCC_WARN_64_TO_32_BIT_CONVERSION = YES;
				GCC_WARN_ABOUT_RETURN_TYPE = YES_ERROR;
				GCC_WARN_UNDECLARED_SELECTOR = YES;
				GCC_WARN_UNINITIALIZED_AUTOS = YES_AGGRESSIVE;
				GCC_WARN_UNUSED_FUNCTION = YES;
				GCC_WARN_UNUSED_VARIABLE = YES;
				IPHONEOS_DEPLOYMENT_TARGET = 16.2;
				MTL_ENABLE_DEBUG_INFO = INCLUDE_SOURCE;
				MTL_FAST_MATH = YES;
				ONLY_ACTIVE_ARCH = YES;
				SDKROOT = iphoneos;
				SWIFT_ACTIVE_COMPILATION_CONDITIONS = DEBUG;
				SWIFT_OPTIMIZATION_LEVEL = "-Onone";
			};
			name = Debug;
		};
		F77E4B8B29B906D600B8B5CE /* Release */ = {
			isa = XCBuildConfiguration;
			buildSettings = {
				ALWAYS_SEARCH_USER_PATHS = NO;
				CLANG_ANALYZER_NONNULL = YES;
				CLANG_ANALYZER_NUMBER_OBJECT_CONVERSION = YES_AGGRESSIVE;
				CLANG_CXX_LANGUAGE_STANDARD = "gnu++20";
				CLANG_ENABLE_MODULES = YES;
				CLANG_ENABLE_OBJC_ARC = YES;
				CLANG_ENABLE_OBJC_WEAK = YES;
				CLANG_WARN_BLOCK_CAPTURE_AUTORELEASING = YES;
				CLANG_WARN_BOOL_CONVERSION = YES;
				CLANG_WARN_COMMA = YES;
				CLANG_WARN_CONSTANT_CONVERSION = YES;
				CLANG_WARN_DEPRECATED_OBJC_IMPLEMENTATIONS = YES;
				CLANG_WARN_DIRECT_OBJC_ISA_USAGE = YES_ERROR;
				CLANG_WARN_DOCUMENTATION_COMMENTS = YES;
				CLANG_WARN_EMPTY_BODY = YES;
				CLANG_WARN_ENUM_CONVERSION = YES;
				CLANG_WARN_INFINITE_RECURSION = YES;
				CLANG_WARN_INT_CONVERSION = YES;
				CLANG_WARN_NON_LITERAL_NULL_CONVERSION = YES;
				CLANG_WARN_OBJC_IMPLICIT_RETAIN_SELF = YES;
				CLANG_WARN_OBJC_LITERAL_CONVERSION = YES;
				CLANG_WARN_OBJC_ROOT_CLASS = YES_ERROR;
				CLANG_WARN_QUOTED_INCLUDE_IN_FRAMEWORK_HEADER = YES;
				CLANG_WARN_RANGE_LOOP_ANALYSIS = YES;
				CLANG_WARN_STRICT_PROTOTYPES = YES;
				CLANG_WARN_SUSPICIOUS_MOVE = YES;
				CLANG_WARN_UNGUARDED_AVAILABILITY = YES_AGGRESSIVE;
				CLANG_WARN_UNREACHABLE_CODE = YES;
				CLANG_WARN__DUPLICATE_METHOD_MATCH = YES;
				COPY_PHASE_STRIP = NO;
				DEBUG_INFORMATION_FORMAT = "dwarf-with-dsym";
				ENABLE_NS_ASSERTIONS = NO;
				ENABLE_STRICT_OBJC_MSGSEND = YES;
				GCC_C_LANGUAGE_STANDARD = gnu11;
				GCC_NO_COMMON_BLOCKS = YES;
				GCC_WARN_64_TO_32_BIT_CONVERSION = YES;
				GCC_WARN_ABOUT_RETURN_TYPE = YES_ERROR;
				GCC_WARN_UNDECLARED_SELECTOR = YES;
				GCC_WARN_UNINITIALIZED_AUTOS = YES_AGGRESSIVE;
				GCC_WARN_UNUSED_FUNCTION = YES;
				GCC_WARN_UNUSED_VARIABLE = YES;
				IPHONEOS_DEPLOYMENT_TARGET = 16.2;
				MTL_ENABLE_DEBUG_INFO = NO;
				MTL_FAST_MATH = YES;
				SDKROOT = iphoneos;
				SWIFT_COMPILATION_MODE = wholemodule;
				SWIFT_OPTIMIZATION_LEVEL = "-O";
				VALIDATE_PRODUCT = YES;
			};
			name = Release;
		};
		F77E4B8D29B906D600B8B5CE /* Debug */ = {
			isa = XCBuildConfiguration;
			buildSettings = {
				ASSETCATALOG_COMPILER_APPICON_NAME = AppIcon;
				ASSETCATALOG_COMPILER_GLOBAL_ACCENT_COLOR_NAME = AccentColor;
				CODE_SIGN_STYLE = Automatic;
				CURRENT_PROJECT_VERSION = 1;
				GENERATE_INFOPLIST_FILE = YES;
				INFOPLIST_FILE = "RickAndMorty-iOS/Info.plist";
				INFOPLIST_KEY_UIApplicationSupportsIndirectInputEvents = YES;
				INFOPLIST_KEY_UILaunchStoryboardName = LaunchScreen;
				INFOPLIST_KEY_UISupportedInterfaceOrientations_iPad = "UIInterfaceOrientationPortrait UIInterfaceOrientationPortraitUpsideDown UIInterfaceOrientationLandscapeLeft UIInterfaceOrientationLandscapeRight";
				INFOPLIST_KEY_UISupportedInterfaceOrientations_iPhone = "UIInterfaceOrientationPortrait UIInterfaceOrientationLandscapeLeft UIInterfaceOrientationLandscapeRight";
				LD_RUNPATH_SEARCH_PATHS = (
					"$(inherited)",
					"@executable_path/Frameworks",
				);
				MARKETING_VERSION = 1.0;
				PRODUCT_BUNDLE_IDENTIFIER = "com.EON-Incubator.RickAndMorty-iOS";
				PRODUCT_NAME = "$(TARGET_NAME)";
				SWIFT_EMIT_LOC_STRINGS = YES;
				SWIFT_VERSION = 5.0;
				TARGETED_DEVICE_FAMILY = "1,2";
			};
			name = Debug;
		};
		F77E4B8E29B906D600B8B5CE /* Release */ = {
			isa = XCBuildConfiguration;
			buildSettings = {
				ASSETCATALOG_COMPILER_APPICON_NAME = AppIcon;
				ASSETCATALOG_COMPILER_GLOBAL_ACCENT_COLOR_NAME = AccentColor;
				CODE_SIGN_STYLE = Automatic;
				CURRENT_PROJECT_VERSION = 1;
				GENERATE_INFOPLIST_FILE = YES;
				INFOPLIST_FILE = "RickAndMorty-iOS/Info.plist";
				INFOPLIST_KEY_UIApplicationSupportsIndirectInputEvents = YES;
				INFOPLIST_KEY_UILaunchStoryboardName = LaunchScreen;
				INFOPLIST_KEY_UISupportedInterfaceOrientations_iPad = "UIInterfaceOrientationPortrait UIInterfaceOrientationPortraitUpsideDown UIInterfaceOrientationLandscapeLeft UIInterfaceOrientationLandscapeRight";
				INFOPLIST_KEY_UISupportedInterfaceOrientations_iPhone = "UIInterfaceOrientationPortrait UIInterfaceOrientationLandscapeLeft UIInterfaceOrientationLandscapeRight";
				LD_RUNPATH_SEARCH_PATHS = (
					"$(inherited)",
					"@executable_path/Frameworks",
				);
				MARKETING_VERSION = 1.0;
				PRODUCT_BUNDLE_IDENTIFIER = "com.EON-Incubator.RickAndMorty-iOS";
				PRODUCT_NAME = "$(TARGET_NAME)";
				SWIFT_EMIT_LOC_STRINGS = YES;
				SWIFT_VERSION = 5.0;
				TARGETED_DEVICE_FAMILY = "1,2";
			};
			name = Release;
		};
		F77E4BEF29BA3BA000B8B5CE /* Debug */ = {
			isa = XCBuildConfiguration;
			buildSettings = {
				BUNDLE_LOADER = "$(TEST_HOST)";
				CODE_SIGN_STYLE = Automatic;
				CURRENT_PROJECT_VERSION = 1;
				GENERATE_INFOPLIST_FILE = YES;
				IPHONEOS_DEPLOYMENT_TARGET = 16.2;
				MACOSX_DEPLOYMENT_TARGET = 13.1;
				MARKETING_VERSION = 1.0;
				PRODUCT_BUNDLE_IDENTIFIER = "com.EON-Incubator.RickAndMorty-iOSTests";
				PRODUCT_NAME = "$(TARGET_NAME)";
				SDKROOT = auto;
				SUPPORTED_PLATFORMS = "iphoneos iphonesimulator macosx";
				SWIFT_EMIT_LOC_STRINGS = NO;
				SWIFT_VERSION = 5.0;
				TARGETED_DEVICE_FAMILY = "1,2";
				TEST_HOST = "$(BUILT_PRODUCTS_DIR)/RickAndMorty-iOS.app/$(BUNDLE_EXECUTABLE_FOLDER_PATH)/RickAndMorty-iOS";
			};
			name = Debug;
		};
		F77E4BF029BA3BA000B8B5CE /* Release */ = {
			isa = XCBuildConfiguration;
			buildSettings = {
				BUNDLE_LOADER = "$(TEST_HOST)";
				CODE_SIGN_STYLE = Automatic;
				CURRENT_PROJECT_VERSION = 1;
				GENERATE_INFOPLIST_FILE = YES;
				IPHONEOS_DEPLOYMENT_TARGET = 16.2;
				MACOSX_DEPLOYMENT_TARGET = 13.1;
				MARKETING_VERSION = 1.0;
				PRODUCT_BUNDLE_IDENTIFIER = "com.EON-Incubator.RickAndMorty-iOSTests";
				PRODUCT_NAME = "$(TARGET_NAME)";
				SDKROOT = auto;
				SUPPORTED_PLATFORMS = "iphoneos iphonesimulator macosx";
				SWIFT_EMIT_LOC_STRINGS = NO;
				SWIFT_VERSION = 5.0;
				TARGETED_DEVICE_FAMILY = "1,2";
				TEST_HOST = "$(BUILT_PRODUCTS_DIR)/RickAndMorty-iOS.app/$(BUNDLE_EXECUTABLE_FOLDER_PATH)/RickAndMorty-iOS";
			};
			name = Release;
		};
/* End XCBuildConfiguration section */

/* Begin XCConfigurationList section */
		F77E4B7329B906D400B8B5CE /* Build configuration list for PBXProject "RickAndMorty-iOS" */ = {
			isa = XCConfigurationList;
			buildConfigurations = (
				F77E4B8A29B906D600B8B5CE /* Debug */,
				F77E4B8B29B906D600B8B5CE /* Release */,
			);
			defaultConfigurationIsVisible = 0;
			defaultConfigurationName = Release;
		};
		F77E4B8C29B906D600B8B5CE /* Build configuration list for PBXNativeTarget "RickAndMorty-iOS" */ = {
			isa = XCConfigurationList;
			buildConfigurations = (
				F77E4B8D29B906D600B8B5CE /* Debug */,
				F77E4B8E29B906D600B8B5CE /* Release */,
			);
			defaultConfigurationIsVisible = 0;
			defaultConfigurationName = Release;
		};
		F77E4BEE29BA3BA000B8B5CE /* Build configuration list for PBXNativeTarget "RickAndMorty-iOSTests" */ = {
			isa = XCConfigurationList;
			buildConfigurations = (
				F77E4BEF29BA3BA000B8B5CE /* Debug */,
				F77E4BF029BA3BA000B8B5CE /* Release */,
			);
			defaultConfigurationIsVisible = 0;
			defaultConfigurationName = Release;
		};
/* End XCConfigurationList section */

/* Begin XCRemoteSwiftPackageReference section */
		5447EE1829BA36DC00D2D05A /* XCRemoteSwiftPackageReference "SnapKit" */ = {
			isa = XCRemoteSwiftPackageReference;
			repositoryURL = "https://github.com/SnapKit/SnapKit";
			requirement = {
				kind = exactVersion;
				version = 5.6.0;
			};
		};
		5447EE1B29BA591800D2D05A /* XCRemoteSwiftPackageReference "SDWebImage" */ = {
			isa = XCRemoteSwiftPackageReference;
			repositoryURL = "https://github.com/SDWebImage/SDWebImage";
			requirement = {
				branch = master;
				kind = branch;
			};
		};
		F77E4B9D29B94B9300B8B5CE /* XCRemoteSwiftPackageReference "apollo-ios" */ = {
			isa = XCRemoteSwiftPackageReference;
			repositoryURL = "https://github.com/apollographql/apollo-ios.git";
			requirement = {
				branch = main;
				kind = branch;
			};
		};
		F77E4BF129BA3BE100B8B5CE /* XCRemoteSwiftPackageReference "Quick" */ = {
			isa = XCRemoteSwiftPackageReference;
			repositoryURL = "https://github.com/Quick/Quick.git";
			requirement = {
				branch = main;
				kind = branch;
			};
		};
		F77E4BF429BA3BF200B8B5CE /* XCRemoteSwiftPackageReference "Nimble" */ = {
			isa = XCRemoteSwiftPackageReference;
			repositoryURL = "https://github.com/Quick/Nimble.git";
			requirement = {
				branch = main;
				kind = branch;
			};
		};
/* End XCRemoteSwiftPackageReference section */

/* Begin XCSwiftPackageProductDependency section */
		5447EE1929BA36DC00D2D05A /* SnapKit */ = {
			isa = XCSwiftPackageProductDependency;
			package = 5447EE1829BA36DC00D2D05A /* XCRemoteSwiftPackageReference "SnapKit" */;
			productName = SnapKit;
		};
		5447EE1C29BA591800D2D05A /* SDWebImage */ = {
			isa = XCSwiftPackageProductDependency;
			package = 5447EE1B29BA591800D2D05A /* XCRemoteSwiftPackageReference "SDWebImage" */;
			productName = SDWebImage;
		};
		F77E4B9E29B94B9300B8B5CE /* Apollo */ = {
			isa = XCSwiftPackageProductDependency;
			package = F77E4B9D29B94B9300B8B5CE /* XCRemoteSwiftPackageReference "apollo-ios" */;
			productName = Apollo;
		};
		F77E4BF229BA3BE100B8B5CE /* Quick */ = {
			isa = XCSwiftPackageProductDependency;
			package = F77E4BF129BA3BE100B8B5CE /* XCRemoteSwiftPackageReference "Quick" */;
			productName = Quick;
		};
		F77E4BF529BA3BF200B8B5CE /* Nimble */ = {
			isa = XCSwiftPackageProductDependency;
			package = F77E4BF429BA3BF200B8B5CE /* XCRemoteSwiftPackageReference "Nimble" */;
			productName = Nimble;
		};
/* End XCSwiftPackageProductDependency section */
	};
	rootObject = F77E4B7029B906D400B8B5CE /* Project object */;
}
